
Microsoft Visual Studio Solution File, Format Version 12.00
# Visual Studio Version 17
VisualStudioVersion = 17.11.35222.181
MinimumVisualStudioVersion = 10.0.40219.1
Project("{9A19103F-16F7-4668-BE54-9A1E7A4F7556}") = "3_layer", "3_layer.csproj", "{7CBD8281-54AA-4FE9-A43C-C41C04FDF572}"
EndProject
Project("{FAE04EC0-301F-11D3-BF4B-00C04F79EFBC}") = "API", "API\API.csproj", "{3C74AC6E-65C9-435C-AF20-C42F2A3E7A01}"
EndProject
Global
	GlobalSection(SolutionConfigurationPlatforms) = preSolution
		Debug|Any CPU = Debug|Any CPU
		Release|Any CPU = Release|Any CPU
	EndGlobalSection
	GlobalSection(ProjectConfigurationPlatforms) = postSolution
		{7CBD8281-54AA-4FE9-A43C-C41C04FDF572}.Debug|Any CPU.ActiveCfg = Debug|Any CPU
		{7CBD8281-54AA-4FE9-A43C-C41C04FDF572}.Debug|Any CPU.Build.0 = Debug|Any CPU
		{7CBD8281-54AA-4FE9-A43C-C41C04FDF572}.Release|Any CPU.ActiveCfg = Release|Any CPU
		{7CBD8281-54AA-4FE9-A43C-C41C04FDF572}.Release|Any CPU.Build.0 = Release|Any CPU
		{3C74AC6E-65C9-435C-AF20-C42F2A3E7A01}.Debug|Any CPU.ActiveCfg = Debug|Any CPU
		{3C74AC6E-65C9-435C-AF20-C42F2A3E7A01}.Debug|Any CPU.Build.0 = Debug|Any CPU
		{3C74AC6E-65C9-435C-AF20-C42F2A3E7A01}.Release|Any CPU.ActiveCfg = Release|Any CPU
		{3C74AC6E-65C9-435C-AF20-C42F2A3E7A01}.Release|Any CPU.Build.0 = Release|Any CPU
	EndGlobalSection
	GlobalSection(SolutionProperties) = preSolution
		HideSolutionNode = FALSE
	EndGlobalSection
	GlobalSection(ExtensibilityGlobals) = postSolution
		SolutionGuid = {E4BCB47E-A0CF-4DC7-BD0A-DBE8C17E1213}
	EndGlobalSection
EndGlobal
