
Microsoft Visual Studio Solution File, Format Version 12.00
# Visual Studio Version 17
VisualStudioVersion = 17.11.35222.181
MinimumVisualStudioVersion = 10.0.40219.1
Project("{FAE04EC0-301F-11D3-BF4B-00C04F79EFBC}") = "pr8_3", "pr8_3.csproj", "{44D98A41-EAD7-4690-892B-E3BA51AC15F5}"
EndProject
Global
	GlobalSection(SolutionConfigurationPlatforms) = preSolution
		Debug|Any CPU = Debug|Any CPU
		Release|Any CPU = Release|Any CPU
	EndGlobalSection
	GlobalSection(ProjectConfigurationPlatforms) = postSolution
		{44D98A41-EAD7-4690-892B-E3BA51AC15F5}.Debug|Any CPU.ActiveCfg = Debug|Any CPU
		{44D98A41-EAD7-4690-892B-E3BA51AC15F5}.Debug|Any CPU.Build.0 = Debug|Any CPU
		{44D98A41-EAD7-4690-892B-E3BA51AC15F5}.Release|Any CPU.ActiveCfg = Release|Any CPU
		{44D98A41-EAD7-4690-892B-E3BA51AC15F5}.Release|Any CPU.Build.0 = Release|Any CPU
	EndGlobalSection
	GlobalSection(SolutionProperties) = preSolution
		HideSolutionNode = FALSE
	EndGlobalSection
	GlobalSection(ExtensibilityGlobals) = postSolution
		SolutionGuid = {896FD564-B2F2-4194-AFC0-F6DF2A9A7603}
	EndGlobalSection
EndGlobal
