
Microsoft Visual Studio Solution File, Format Version 12.00
# Visual Studio Version 17
VisualStudioVersion = 17.11.35222.181
MinimumVisualStudioVersion = 10.0.40219.1
Project("{FAE04EC0-301F-11D3-BF4B-00C04F79EFBC}") = "pr17_1", "pr17_1.csproj", "{8EECF05E-B63B-4051-AA2C-EF863076DA83}"
EndProject
Global
	GlobalSection(SolutionConfigurationPlatforms) = preSolution
		Debug|Any CPU = Debug|Any CPU
		Release|Any CPU = Release|Any CPU
	EndGlobalSection
	GlobalSection(ProjectConfigurationPlatforms) = postSolution
		{8EECF05E-B63B-4051-AA2C-EF863076DA83}.Debug|Any CPU.ActiveCfg = Debug|Any CPU
		{8EECF05E-B63B-4051-AA2C-EF863076DA83}.Debug|Any CPU.Build.0 = Debug|Any CPU
		{8EECF05E-B63B-4051-AA2C-EF863076DA83}.Release|Any CPU.ActiveCfg = Release|Any CPU
		{8EECF05E-B63B-4051-AA2C-EF863076DA83}.Release|Any CPU.Build.0 = Release|Any CPU
	EndGlobalSection
	GlobalSection(SolutionProperties) = preSolution
		HideSolutionNode = FALSE
	EndGlobalSection
	GlobalSection(ExtensibilityGlobals) = postSolution
		SolutionGuid = {978534BC-3E47-4A33-88C5-A428F708BFB0}
	EndGlobalSection
EndGlobal
