
Microsoft Visual Studio Solution File, Format Version 12.00
# Visual Studio Version 17
VisualStudioVersion = 17.11.35222.181
MinimumVisualStudioVersion = 10.0.40219.1
Project("{9A19103F-16F7-4668-BE54-9A1E7A4F7556}") = "Data", "Data\Data.csproj", "{36CB286F-CA9F-4F19-B80A-49770636A0D2}"
EndProject
Project("{9A19103F-16F7-4668-BE54-9A1E7A4F7556}") = "Domain", "Domain\Domain.csproj", "{540E2816-9EAB-4D95-9B56-5796D964D9AF}"
EndProject
Project("{9A19103F-16F7-4668-BE54-9A1E7A4F7556}") = "Entities", "Entities\Entities.csproj", "{42BD5119-3B51-46B9-BBAC-CD0F7CDA9DF4}"
EndProject
Project("{9A19103F-16F7-4668-BE54-9A1E7A4F7556}") = "App", "App\App.csproj", "{28AC5B0B-CD21-4603-87C4-823FDA4D117F}"
EndProject
Project("{9A19103F-16F7-4668-BE54-9A1E7A4F7556}") = "WinForms", "WinForms\WinForms.csproj", "{0798FD8A-0F74-4C0A-B331-483FD3979B28}"
	ProjectSection(ProjectDependencies) = postProject
		{540E2816-9EAB-4D95-9B56-5796D964D9AF} = {540E2816-9EAB-4D95-9B56-5796D964D9AF}
	EndProjectSection
EndProject
Global
	GlobalSection(SolutionConfigurationPlatforms) = preSolution
		Debug|Any CPU = Debug|Any CPU
		Release|Any CPU = Release|Any CPU
	EndGlobalSection
	GlobalSection(ProjectConfigurationPlatforms) = postSolution
		{36CB286F-CA9F-4F19-B80A-49770636A0D2}.Debug|Any CPU.ActiveCfg = Debug|Any CPU
		{36CB286F-CA9F-4F19-B80A-49770636A0D2}.Debug|Any CPU.Build.0 = Debug|Any CPU
		{36CB286F-CA9F-4F19-B80A-49770636A0D2}.Release|Any CPU.ActiveCfg = Release|Any CPU
		{36CB286F-CA9F-4F19-B80A-49770636A0D2}.Release|Any CPU.Build.0 = Release|Any CPU
		{540E2816-9EAB-4D95-9B56-5796D964D9AF}.Debug|Any CPU.ActiveCfg = Debug|Any CPU
		{540E2816-9EAB-4D95-9B56-5796D964D9AF}.Debug|Any CPU.Build.0 = Debug|Any CPU
		{540E2816-9EAB-4D95-9B56-5796D964D9AF}.Release|Any CPU.ActiveCfg = Release|Any CPU
		{540E2816-9EAB-4D95-9B56-5796D964D9AF}.Release|Any CPU.Build.0 = Release|Any CPU
		{42BD5119-3B51-46B9-BBAC-CD0F7CDA9DF4}.Debug|Any CPU.ActiveCfg = Debug|Any CPU
		{42BD5119-3B51-46B9-BBAC-CD0F7CDA9DF4}.Debug|Any CPU.Build.0 = Debug|Any CPU
		{42BD5119-3B51-46B9-BBAC-CD0F7CDA9DF4}.Release|Any CPU.ActiveCfg = Release|Any CPU
		{42BD5119-3B51-46B9-BBAC-CD0F7CDA9DF4}.Release|Any CPU.Build.0 = Release|Any CPU
		{28AC5B0B-CD21-4603-87C4-823FDA4D117F}.Debug|Any CPU.ActiveCfg = Debug|Any CPU
		{28AC5B0B-CD21-4603-87C4-823FDA4D117F}.Debug|Any CPU.Build.0 = Debug|Any CPU
		{28AC5B0B-CD21-4603-87C4-823FDA4D117F}.Release|Any CPU.ActiveCfg = Release|Any CPU
		{28AC5B0B-CD21-4603-87C4-823FDA4D117F}.Release|Any CPU.Build.0 = Release|Any CPU
		{0798FD8A-0F74-4C0A-B331-483FD3979B28}.Debug|Any CPU.ActiveCfg = Debug|Any CPU
		{0798FD8A-0F74-4C0A-B331-483FD3979B28}.Debug|Any CPU.Build.0 = Debug|Any CPU
		{0798FD8A-0F74-4C0A-B331-483FD3979B28}.Release|Any CPU.ActiveCfg = Release|Any CPU
		{0798FD8A-0F74-4C0A-B331-483FD3979B28}.Release|Any CPU.Build.0 = Release|Any CPU
	EndGlobalSection
	GlobalSection(SolutionProperties) = preSolution
		HideSolutionNode = FALSE
	EndGlobalSection
	GlobalSection(ExtensibilityGlobals) = postSolution
		SolutionGuid = {2741B9B7-43DB-4FB7-8414-E33FD5E80D9C}
	EndGlobalSection
EndGlobal
